
Microsoft Visual Studio Solution File, Format Version 12.00
# Visual Studio Version 17
VisualStudioVersion = 17.13.35931.197 d17.13
MinimumVisualStudioVersion = 10.0.40219.1
Project("{FAE04EC0-301F-11D3-BF4B-00C04F79EFBC}") = "GeoMeteoApp", "GeoMeteoApp\GeoMeteoApp.csproj", "{037397EB-D9CA-4414-9C7B-07A2DBDC833F}"
EndProject
Global
	GlobalSection(SolutionConfigurationPlatforms) = preSolution
		Debug|Any CPU = Debug|Any CPU
		Release|Any CPU = Release|Any CPU
	EndGlobalSection
	GlobalSection(ProjectConfigurationPlatforms) = postSolution
		{037397EB-D9CA-4414-9C7B-07A2DBDC833F}.Debug|Any CPU.ActiveCfg = Debug|Any CPU
		{037397EB-D9CA-4414-9C7B-07A2DBDC833F}.Debug|Any CPU.Build.0 = Debug|Any CPU
		{037397EB-D9CA-4414-9C7B-07A2DBDC833F}.Debug|Any CPU.Deploy.0 = Debug|Any CPU
		{037397EB-D9CA-4414-9C7B-07A2DBDC833F}.Release|Any CPU.ActiveCfg = Release|Any CPU
		{037397EB-D9CA-4414-9C7B-07A2DBDC833F}.Release|Any CPU.Build.0 = Release|Any CPU
		{037397EB-D9CA-4414-9C7B-07A2DBDC833F}.Release|Any CPU.Deploy.0 = Release|Any CPU
	EndGlobalSection
	GlobalSection(SolutionProperties) = preSolution
		HideSolutionNode = FALSE
	EndGlobalSection
	GlobalSection(ExtensibilityGlobals) = postSolution
		SolutionGuid = {838AADBC-3F25-4BFD-B72E-C3D2AC1F32AA}
	EndGlobalSection
EndGlobal
